
Microsoft Visual Studio Solution File, Format Version 12.00
# Visual Studio 15
VisualStudioVersion = 15.0.26228.4
MinimumVisualStudioVersion = 10.0.40219.1
Project("{FAE04EC0-301F-11D3-BF4B-00C04F79EFBC}") = "DependencyInjection", "DependencyInjection\DependencyInjection.csproj", "{AC45BA10-F9B3-4EBA-97A9-0497C121C307}"
EndProject
Project("{2150E333-8FDC-42A3-9474-1A3956D46DE8}") = "Tests", "Tests", "{C479A2B9-A7FC-4D51-9E63-6F021B0189F4}"
EndProject
Project("{FAE04EC0-301F-11D3-BF4B-00C04F79EFBC}") = "DependencyInjection.Tests", "DependencyInjection.Tests\DependencyInjection.Tests.csproj", "{DE01D6BD-9171-4761-AC8C-EEA973FC774E}"
EndProject
Global
	GlobalSection(SolutionConfigurationPlatforms) = preSolution
		Debug|Any CPU = Debug|Any CPU
		Release|Any CPU = Release|Any CPU
	EndGlobalSection
	GlobalSection(ProjectConfigurationPlatforms) = postSolution
		{AC45BA10-F9B3-4EBA-97A9-0497C121C307}.Debug|Any CPU.ActiveCfg = Debug|Any CPU
		{AC45BA10-F9B3-4EBA-97A9-0497C121C307}.Debug|Any CPU.Build.0 = Debug|Any CPU
		{AC45BA10-F9B3-4EBA-97A9-0497C121C307}.Release|Any CPU.ActiveCfg = Release|Any CPU
		{AC45BA10-F9B3-4EBA-97A9-0497C121C307}.Release|Any CPU.Build.0 = Release|Any CPU
		{DE01D6BD-9171-4761-AC8C-EEA973FC774E}.Debug|Any CPU.ActiveCfg = Debug|Any CPU
		{DE01D6BD-9171-4761-AC8C-EEA973FC774E}.Debug|Any CPU.Build.0 = Debug|Any CPU
		{DE01D6BD-9171-4761-AC8C-EEA973FC774E}.Release|Any CPU.ActiveCfg = Release|Any CPU
		{DE01D6BD-9171-4761-AC8C-EEA973FC774E}.Release|Any CPU.Build.0 = Release|Any CPU
	EndGlobalSection
	GlobalSection(SolutionProperties) = preSolution
		HideSolutionNode = FALSE
	EndGlobalSection
	GlobalSection(NestedProjects) = preSolution
		{DE01D6BD-9171-4761-AC8C-EEA973FC774E} = {C479A2B9-A7FC-4D51-9E63-6F021B0189F4}
	EndGlobalSection
EndGlobal
